// !$*UTF8*$!
{
	archiveVersion = 1;
	classes = {
	};
	objectVersion = 46;
	objects = {

/* Begin PBXAggregateTarget section */
		975FC9B51BB29A3B00BAA0CB /* SYConfigurableVariable */ = {
			isa = PBXAggregateTarget;
			buildConfigurationList = 975FC9B61BB29A3B00BAA0CB /* Build configuration list for PBXAggregateTarget "SYConfigurableVariable" */;
			buildPhases = (
				975FC9B91BB29A4600BAA0CB /* ShellScript */,
			);
			dependencies = (
			);
			name = SYConfigurableVariable;
			productName = SYConfigurableVariable;
		};
/* End PBXAggregateTarget section */

/* Begin PBXGroup section */
		975FC9AA1BB299D000BAA0CB = {
			isa = PBXGroup;
			children = (
			);
			sourceTree = "<group>";
		};
/* End PBXGroup section */

/* Begin PBXProject section */
		975FC9AB1BB299D000BAA0CB /* Project object */ = {
			isa = PBXProject;
			attributes = {
				LastUpgradeCheck = 0710;
				TargetAttributes = {
					975FC9B51BB29A3B00BAA0CB = {
						CreatedOnToolsVersion = 7.0;
					};
				};
			};
			buildConfigurationList = 975FC9AE1BB299D000BAA0CB /* Build configuration list for PBXProject "SYConfigurableVariable" */;
			compatibilityVersion = "Xcode 3.2";
			developmentRegion = English;
			hasScannedForEncodings = 0;
			knownRegions = (
				en,
			);
			mainGroup = 975FC9AA1BB299D000BAA0CB;
			projectDirPath = "";
			projectRoot = "";
			targets = (
				975FC9B51BB29A3B00BAA0CB /* SYConfigurableVariable */,
			);
		};
/* End PBXProject section */

/* Begin PBXShellScriptBuildPhase section */
		975FC9B91BB29A4600BAA0CB /* ShellScript */ = {
			isa = PBXShellScriptBuildPhase;
			buildActionMask = 2147483647;
			files = (
			);
			inputPaths = (
			);
			outputPaths = (
			);
			runOnlyForDeploymentPostprocessing = 0;
			shellPath = /bin/sh;
			shellScript = "xcodebuild -workspace SYPlugin.xcworkspace -scheme SYConfigurableVariable";
		};
/* End PBXShellScriptBuildPhase section */

/* Begin XCBuildConfiguration section */
		975FC9AF1BB299D000BAA0CB /* Debug */ = {
			isa = XCBuildConfiguration;
			buildSettings = {
			};
			name = Debug;
		};
		975FC9B01BB299D000BAA0CB /* Release */ = {
			isa = XCBuildConfiguration;
			buildSettings = {
			};
			name = Release;
		};
		975FC9B71BB29A3B00BAA0CB /* Debug */ = {
			isa = XCBuildConfiguration;
			buildSettings = {
				PRODUCT_NAME = "$(TARGET_NAME)";
			};
			name = Debug;
		};
		975FC9B81BB29A3B00BAA0CB /* Release */ = {
			isa = XCBuildConfiguration;
			buildSettings = {
				PRODUCT_NAME = "$(TARGET_NAME)";
			};
			name = Release;
		};
/* End XCBuildConfiguration section */

/* Begin XCConfigurationList section */
		975FC9AE1BB299D000BAA0CB /* Build configuration list for PBXProject "SYConfigurableVariable" */ = {
			isa = XCConfigurationList;
			buildConfigurations = (
				975FC9AF1BB299D000BAA0CB /* Debug */,
				975FC9B01BB299D000BAA0CB /* Release */,
			);
			defaultConfigurationIsVisible = 0;
			defaultConfigurationName = Release;
		};
		975FC9B61BB29A3B00BAA0CB /* Build configuration list for PBXAggregateTarget "SYConfigurableVariable" */ = {
			isa = XCConfigurationList;
			buildConfigurations = (
				975FC9B71BB29A3B00BAA0CB /* Debug */,
				975FC9B81BB29A3B00BAA0CB /* Release */,
			);
			defaultConfigurationIsVisible = 0;
			defaultConfigurationName = Release;
		};
/* End XCConfigurationList section */
	};
	rootObject = 975FC9AB1BB299D000BAA0CB /* Project object */;
}
